
Microsoft Visual Studio Solution File, Format Version 12.00
# Visual Studio Version 17
VisualStudioVersion = 17.0.32112.339
MinimumVisualStudioVersion = 10.0.40219.1
Project("{FAE04EC0-301F-11D3-BF4B-00C04F79EFBC}") = "Pizza", "Pizza\Pizza.csproj", "{16F563C8-89BE-4346-A9AA-5291C7D17689}"
EndProject
Global
	GlobalSection(SolutionConfigurationPlatforms) = preSolution
		Debug|Any CPU = Debug|Any CPU
		Release|Any CPU = Release|Any CPU
	EndGlobalSection
	GlobalSection(ProjectConfigurationPlatforms) = postSolution
		{16F563C8-89BE-4346-A9AA-5291C7D17689}.Debug|Any CPU.ActiveCfg = Debug|Any CPU
		{16F563C8-89BE-4346-A9AA-5291C7D17689}.Debug|Any CPU.Build.0 = Debug|Any CPU
		{16F563C8-89BE-4346-A9AA-5291C7D17689}.Release|Any CPU.ActiveCfg = Release|Any CPU
		{16F563C8-89BE-4346-A9AA-5291C7D17689}.Release|Any CPU.Build.0 = Release|Any CPU
	EndGlobalSection
	GlobalSection(SolutionProperties) = preSolution
		HideSolutionNode = FALSE
	EndGlobalSection
	GlobalSection(ExtensibilityGlobals) = postSolution
		SolutionGuid = {B5CE67FC-2D77-49DC-BCC7-9F5C5BF6C373}
	EndGlobalSection
EndGlobal
